
Microsoft Visual Studio Solution File, Format Version 12.00
# Visual Studio Version 17
VisualStudioVersion = 17.11.35219.272
MinimumVisualStudioVersion = 10.0.40219.1
Project("{2150E333-8FDC-42A3-9474-1A3956D46DE8}") = "Core", "Core", "{867090F7-3C02-47AE-B204-BBA49A35FEDE}"
EndProject
Project("{2150E333-8FDC-42A3-9474-1A3956D46DE8}") = "Infastructure", "Infastructure", "{E024F414-83D1-4727-88BD-99640EB1A0F1}"
EndProject
Project("{2150E333-8FDC-42A3-9474-1A3956D46DE8}") = "Presentation", "Presentation", "{797BEEA3-1CAC-4D0C-8503-FC810A7D06A0}"
EndProject
Project("{FAE04EC0-301F-11D3-BF4B-00C04F79EFBC}") = "EventHive.WebApi", "EventHive.WebApi\EventHive.WebApi.csproj", "{B69CC9B4-1D10-4A9B-87FC-7887CA666969}"
EndProject
Project("{FAE04EC0-301F-11D3-BF4B-00C04F79EFBC}") = "EventHive.Domain", "EventHive.Domain\EventHive.Domain.csproj", "{686B96A3-901B-4316-8079-E2CB8F8BB722}"
EndProject
Project("{FAE04EC0-301F-11D3-BF4B-00C04F79EFBC}") = "EventHive.Application", "EventHive.Application\EventHive.Application.csproj", "{F5AE6DD6-E41C-4F22-95E3-7E79958E544F}"
EndProject
Project("{FAE04EC0-301F-11D3-BF4B-00C04F79EFBC}") = "EventHive.Persistence", "EventHive.Persistence\EventHive.Persistence.csproj", "{E938CAF0-51C3-4DD6-9C9A-DD744065564F}"
EndProject
Global
	GlobalSection(SolutionConfigurationPlatforms) = preSolution
		Debug|Any CPU = Debug|Any CPU
		Release|Any CPU = Release|Any CPU
	EndGlobalSection
	GlobalSection(ProjectConfigurationPlatforms) = postSolution
		{B69CC9B4-1D10-4A9B-87FC-7887CA666969}.Debug|Any CPU.ActiveCfg = Debug|Any CPU
		{B69CC9B4-1D10-4A9B-87FC-7887CA666969}.Debug|Any CPU.Build.0 = Debug|Any CPU
		{B69CC9B4-1D10-4A9B-87FC-7887CA666969}.Release|Any CPU.ActiveCfg = Release|Any CPU
		{B69CC9B4-1D10-4A9B-87FC-7887CA666969}.Release|Any CPU.Build.0 = Release|Any CPU
		{686B96A3-901B-4316-8079-E2CB8F8BB722}.Debug|Any CPU.ActiveCfg = Debug|Any CPU
		{686B96A3-901B-4316-8079-E2CB8F8BB722}.Debug|Any CPU.Build.0 = Debug|Any CPU
		{686B96A3-901B-4316-8079-E2CB8F8BB722}.Release|Any CPU.ActiveCfg = Release|Any CPU
		{686B96A3-901B-4316-8079-E2CB8F8BB722}.Release|Any CPU.Build.0 = Release|Any CPU
		{F5AE6DD6-E41C-4F22-95E3-7E79958E544F}.Debug|Any CPU.ActiveCfg = Debug|Any CPU
		{F5AE6DD6-E41C-4F22-95E3-7E79958E544F}.Debug|Any CPU.Build.0 = Debug|Any CPU
		{F5AE6DD6-E41C-4F22-95E3-7E79958E544F}.Release|Any CPU.ActiveCfg = Release|Any CPU
		{F5AE6DD6-E41C-4F22-95E3-7E79958E544F}.Release|Any CPU.Build.0 = Release|Any CPU
		{E938CAF0-51C3-4DD6-9C9A-DD744065564F}.Debug|Any CPU.ActiveCfg = Debug|Any CPU
		{E938CAF0-51C3-4DD6-9C9A-DD744065564F}.Debug|Any CPU.Build.0 = Debug|Any CPU
		{E938CAF0-51C3-4DD6-9C9A-DD744065564F}.Release|Any CPU.ActiveCfg = Release|Any CPU
		{E938CAF0-51C3-4DD6-9C9A-DD744065564F}.Release|Any CPU.Build.0 = Release|Any CPU
	EndGlobalSection
	GlobalSection(SolutionProperties) = preSolution
		HideSolutionNode = FALSE
	EndGlobalSection
	GlobalSection(NestedProjects) = preSolution
		{B69CC9B4-1D10-4A9B-87FC-7887CA666969} = {797BEEA3-1CAC-4D0C-8503-FC810A7D06A0}
		{686B96A3-901B-4316-8079-E2CB8F8BB722} = {867090F7-3C02-47AE-B204-BBA49A35FEDE}
		{F5AE6DD6-E41C-4F22-95E3-7E79958E544F} = {867090F7-3C02-47AE-B204-BBA49A35FEDE}
		{E938CAF0-51C3-4DD6-9C9A-DD744065564F} = {E024F414-83D1-4727-88BD-99640EB1A0F1}
	EndGlobalSection
	GlobalSection(ExtensibilityGlobals) = postSolution
		SolutionGuid = {A6B36725-C8EA-4565-A88F-6874E5DE8F0E}
	EndGlobalSection
EndGlobal
